
Microsoft Visual Studio Solution File, Format Version 12.00
# Visual Studio Version 18
VisualStudioVersion = 18.4.11605.240 stable
MinimumVisualStudioVersion = 10.0.40219.1
Project("{FAE04EC0-301F-11D3-BF4B-00C04F79EFBC}") = "ElevatorHMI", "ElevatorHMI\ElevatorHMI.csproj", "{CA0145DC-C526-4599-8CF2-10E31F3E45C2}"
EndProject
Global
	GlobalSection(SolutionConfigurationPlatforms) = preSolution
		Debug|Any CPU = Debug|Any CPU
		Release|Any CPU = Release|Any CPU
	EndGlobalSection
	GlobalSection(ProjectConfigurationPlatforms) = postSolution
		{CA0145DC-C526-4599-8CF2-10E31F3E45C2}.Debug|Any CPU.ActiveCfg = Debug|Any CPU
		{CA0145DC-C526-4599-8CF2-10E31F3E45C2}.Debug|Any CPU.Build.0 = Debug|Any CPU
		{CA0145DC-C526-4599-8CF2-10E31F3E45C2}.Release|Any CPU.ActiveCfg = Release|Any CPU
		{CA0145DC-C526-4599-8CF2-10E31F3E45C2}.Release|Any CPU.Build.0 = Release|Any CPU
	EndGlobalSection
	GlobalSection(SolutionProperties) = preSolution
		HideSolutionNode = FALSE
	EndGlobalSection
	GlobalSection(ExtensibilityGlobals) = postSolution
		SolutionGuid = {8A43FB9D-0A8C-422F-9F22-1646DF070DB0}
	EndGlobalSection
EndGlobal
